// !$*UTF8*$!
{
	archiveVersion = 1;
	classes = {
	};
	objectVersion = 46;
	objects = {

/* Begin PBXBuildFile section */
		96074B191F6C45B4006EDC71 /* libz.tbd in Frameworks */ = {isa = PBXBuildFile; fileRef = 96074B181F6C45B4006EDC71 /* libz.tbd */; };
		962983AA1F6C428E00BE4B2C /* ABAudiobusController.h in Headers */ = {isa = PBXBuildFile; fileRef = 962983951F6C428E00BE4B2C /* ABAudiobusController.h */; settings = {ATTRIBUTES = (Public, ); }; };
		962983AB1F6C428E00BE4B2C /* ABAudioFilterPort.h in Headers */ = {isa = PBXBuildFile; fileRef = 962983961F6C428E00BE4B2C /* ABAudioFilterPort.h */; settings = {ATTRIBUTES = (Public, ); }; };
		962983AC1F6C428E00BE4B2C /* ABAudioReceiverPort.h in Headers */ = {isa = PBXBuildFile; fileRef = 962983971F6C428E00BE4B2C /* ABAudioReceiverPort.h */; settings = {ATTRIBUTES = (Public, ); }; };
		962983AD1F6C428E00BE4B2C /* ABAudioSenderPort.h in Headers */ = {isa = PBXBuildFile; fileRef = 962983981F6C428E00BE4B2C /* ABAudioSenderPort.h */; settings = {ATTRIBUTES = (Public, ); }; };
		962983AE1F6C428E00BE4B2C /* ABAudioUnitFader.h in Headers */ = {isa = PBXBuildFile; fileRef = 962983991F6C428E00BE4B2C /* ABAudioUnitFader.h */; settings = {ATTRIBUTES = (Public, ); }; };
		962983AF1F6C428E00BE4B2C /* ABButtonTrigger.h in Headers */ = {isa = PBXBuildFile; fileRef = 9629839A1F6C428E00BE4B2C /* ABButtonTrigger.h */; settings = {ATTRIBUTES = (Public, ); }; };
		962983B01F6C428E00BE4B2C /* ABCommon.h in Headers */ = {isa = PBXBuildFile; fileRef = 9629839B1F6C428E00BE4B2C /* ABCommon.h */; settings = {ATTRIBUTES = (Public, ); }; };
		962983B11F6C428E00BE4B2C /* ABFilterPort.h in Headers */ = {isa = PBXBuildFile; fileRef = 9629839C1F6C428E00BE4B2C /* ABFilterPort.h */; settings = {ATTRIBUTES = (Public, ); }; };
		962983B21F6C428E00BE4B2C /* ABLocalPort.h in Headers */ = {isa = PBXBuildFile; fileRef = 9629839D1F6C428E00BE4B2C /* ABLocalPort.h */; settings = {ATTRIBUTES = (Public, ); }; };
		962983B31F6C428E00BE4B2C /* ABMIDIFilterPort.h in Headers */ = {isa = PBXBuildFile; fileRef = 9629839E1F6C428E00BE4B2C /* ABMIDIFilterPort.h */; settings = {ATTRIBUTES = (Public, ); }; };
		962983B41F6C428E00BE4B2C /* ABMIDIPort.h in Headers */ = {isa = PBXBuildFile; fileRef = 9629839F1F6C428E00BE4B2C /* ABMIDIPort.h */; settings = {ATTRIBUTES = (Public, ); }; };
		962983B51F6C428E00BE4B2C /* ABMIDIReceiverPort.h in Headers */ = {isa = PBXBuildFile; fileRef = 962983A01F6C428E00BE4B2C /* ABMIDIReceiverPort.h */; settings = {ATTRIBUTES = (Public, ); }; };
		962983B61F6C428E00BE4B2C /* ABMIDISenderPort.h in Headers */ = {isa = PBXBuildFile; fileRef = 962983A11F6C428E00BE4B2C /* ABMIDISenderPort.h */; settings = {ATTRIBUTES = (Public, ); }; };
		962983B71F6C428E00BE4B2C /* ABMultiStreamBuffer.h in Headers */ = {isa = PBXBuildFile; fileRef = 962983A21F6C428E00BE4B2C /* ABMultiStreamBuffer.h */; settings = {ATTRIBUTES = (Public, ); }; };
		962983B81F6C428E00BE4B2C /* ABPeer.h in Headers */ = {isa = PBXBuildFile; fileRef = 962983A31F6C428E00BE4B2C /* ABPeer.h */; settings = {ATTRIBUTES = (Public, ); }; };
		962983B91F6C428E00BE4B2C /* ABPort.h in Headers */ = {isa = PBXBuildFile; fileRef = 962983A41F6C428E00BE4B2C /* ABPort.h */; settings = {ATTRIBUTES = (Public, ); }; };
		962983BA1F6C428E00BE4B2C /* ABReceiverPort.h in Headers */ = {isa = PBXBuildFile; fileRef = 962983A51F6C428E00BE4B2C /* ABReceiverPort.h */; settings = {ATTRIBUTES = (Public, ); }; };
		962983BB1F6C428E00BE4B2C /* ABSenderPort.h in Headers */ = {isa = PBXBuildFile; fileRef = 962983A61F6C428E00BE4B2C /* ABSenderPort.h */; settings = {ATTRIBUTES = (Public, ); }; };
		962983BC1F6C428E00BE4B2C /* ABTrigger.h in Headers */ = {isa = PBXBuildFile; fileRef = 962983A71F6C428E00BE4B2C /* ABTrigger.h */; settings = {ATTRIBUTES = (Public, ); }; };
		962983BD1F6C428E00BE4B2C /* Audiobus.h in Headers */ = {isa = PBXBuildFile; fileRef = 962983A81F6C428E00BE4B2C /* Audiobus.h */; settings = {ATTRIBUTES = (Public, ); }; };
		962983BE1F6C428E00BE4B2C /* libAudiobus.a in Frameworks */ = {isa = PBXBuildFile; fileRef = 962983A91F6C428E00BE4B2C /* libAudiobus.a */; };
		967929C91E7057EB00346565 /* XvAudioBus.h in Headers */ = {isa = PBXBuildFile; fileRef = 967929C71E7057EB00346565 /* XvAudioBus.h */; settings = {ATTRIBUTES = (Public, ); }; };
		967929EF1E705A6000346565 /* XvAudioBus.swift in Sources */ = {isa = PBXBuildFile; fileRef = 967929EE1E705A6000346565 /* XvAudioBus.swift */; };
		967929F31E705B6600346565 /* Utils.swift in Sources */ = {isa = PBXBuildFile; fileRef = 967929F21E705B6600346565 /* Utils.swift */; };
		96792A091E70715300346565 /* XvAudioBusConstants.swift in Sources */ = {isa = PBXBuildFile; fileRef = 96792A081E70715300346565 /* XvAudioBusConstants.swift */; };
/* End PBXBuildFile section */

/* Begin PBXFileReference section */
		96074B181F6C45B4006EDC71 /* libz.tbd */ = {isa = PBXFileReference; lastKnownFileType = "sourcecode.text-based-dylib-definition"; name = libz.tbd; path = usr/lib/libz.tbd; sourceTree = SDKROOT; };
		962983951F6C428E00BE4B2C /* ABAudiobusController.h */ = {isa = PBXFileReference; fileEncoding = 4; lastKnownFileType = sourcecode.c.h; name = ABAudiobusController.h; path = Private/ABAudiobusController.h; sourceTree = "<group>"; };
		962983961F6C428E00BE4B2C /* ABAudioFilterPort.h */ = {isa = PBXFileReference; fileEncoding = 4; lastKnownFileType = sourcecode.c.h; name = ABAudioFilterPort.h; path = Private/ABAudioFilterPort.h; sourceTree = "<group>"; };
		962983971F6C428E00BE4B2C /* ABAudioReceiverPort.h */ = {isa = PBXFileReference; fileEncoding = 4; lastKnownFileType = sourcecode.c.h; name = ABAudioReceiverPort.h; path = Private/ABAudioReceiverPort.h; sourceTree = "<group>"; };
		962983981F6C428E00BE4B2C /* ABAudioSenderPort.h */ = {isa = PBXFileReference; fileEncoding = 4; lastKnownFileType = sourcecode.c.h; name = ABAudioSenderPort.h; path = Private/ABAudioSenderPort.h; sourceTree = "<group>"; };
		962983991F6C428E00BE4B2C /* ABAudioUnitFader.h */ = {isa = PBXFileReference; fileEncoding = 4; lastKnownFileType = sourcecode.c.h; name = ABAudioUnitFader.h; path = Private/ABAudioUnitFader.h; sourceTree = "<group>"; };
		9629839A1F6C428E00BE4B2C /* ABButtonTrigger.h */ = {isa = PBXFileReference; fileEncoding = 4; lastKnownFileType = sourcecode.c.h; name = ABButtonTrigger.h; path = Private/ABButtonTrigger.h; sourceTree = "<group>"; };
		9629839B1F6C428E00BE4B2C /* ABCommon.h */ = {isa = PBXFileReference; fileEncoding = 4; lastKnownFileType = sourcecode.c.h; name = ABCommon.h; path = Private/ABCommon.h; sourceTree = "<group>"; };
		9629839C1F6C428E00BE4B2C /* ABFilterPort.h */ = {isa = PBXFileReference; fileEncoding = 4; lastKnownFileType = sourcecode.c.h; name = ABFilterPort.h; path = Private/ABFilterPort.h; sourceTree = "<group>"; };
		9629839D1F6C428E00BE4B2C /* ABLocalPort.h */ = {isa = PBXFileReference; fileEncoding = 4; lastKnownFileType = sourcecode.c.h; name = ABLocalPort.h; path = Private/ABLocalPort.h; sourceTree = "<group>"; };
		9629839E1F6C428E00BE4B2C /* ABMIDIFilterPort.h */ = {isa = PBXFileReference; fileEncoding = 4; lastKnownFileType = sourcecode.c.h; name = ABMIDIFilterPort.h; path = Private/ABMIDIFilterPort.h; sourceTree = "<group>"; };
		9629839F1F6C428E00BE4B2C /* ABMIDIPort.h */ = {isa = PBXFileReference; fileEncoding = 4; lastKnownFileType = sourcecode.c.h; name = ABMIDIPort.h; path = Private/ABMIDIPort.h; sourceTree = "<group>"; };
		962983A01F6C428E00BE4B2C /* ABMIDIReceiverPort.h */ = {isa = PBXFileReference; fileEncoding = 4; lastKnownFileType = sourcecode.c.h; name = ABMIDIReceiverPort.h; path = Private/ABMIDIReceiverPort.h; sourceTree = "<group>"; };
		962983A11F6C428E00BE4B2C /* ABMIDISenderPort.h */ = {isa = PBXFileReference; fileEncoding = 4; lastKnownFileType = sourcecode.c.h; name = ABMIDISenderPort.h; path = Private/ABMIDISenderPort.h; sourceTree = "<group>"; };
		962983A21F6C428E00BE4B2C /* ABMultiStreamBuffer.h */ = {isa = PBXFileReference; fileEncoding = 4; lastKnownFileType = sourcecode.c.h; name = ABMultiStreamBuffer.h; path = Private/ABMultiStreamBuffer.h; sourceTree = "<group>"; };
		962983A31F6C428E00BE4B2C /* ABPeer.h */ = {isa = PBXFileReference; fileEncoding = 4; lastKnownFileType = sourcecode.c.h; name = ABPeer.h; path = Private/ABPeer.h; sourceTree = "<group>"; };
		962983A41F6C428E00BE4B2C /* ABPort.h */ = {isa = PBXFileReference; fileEncoding = 4; lastKnownFileType = sourcecode.c.h; name = ABPort.h; path = Private/ABPort.h; sourceTree = "<group>"; };
		962983A51F6C428E00BE4B2C /* ABReceiverPort.h */ = {isa = PBXFileReference; fileEncoding = 4; lastKnownFileType = sourcecode.c.h; name = ABReceiverPort.h; path = Private/ABReceiverPort.h; sourceTree = "<group>"; };
		962983A61F6C428E00BE4B2C /* ABSenderPort.h */ = {isa = PBXFileReference; fileEncoding = 4; lastKnownFileType = sourcecode.c.h; name = ABSenderPort.h; path = Private/ABSenderPort.h; sourceTree = "<group>"; };
		962983A71F6C428E00BE4B2C /* ABTrigger.h */ = {isa = PBXFileReference; fileEncoding = 4; lastKnownFileType = sourcecode.c.h; name = ABTrigger.h; path = Private/ABTrigger.h; sourceTree = "<group>"; };
		962983A81F6C428E00BE4B2C /* Audiobus.h */ = {isa = PBXFileReference; fileEncoding = 4; lastKnownFileType = sourcecode.c.h; name = Audiobus.h; path = Private/Audiobus.h; sourceTree = "<group>"; };
		962983A91F6C428E00BE4B2C /* libAudiobus.a */ = {isa = PBXFileReference; lastKnownFileType = archive.ar; name = libAudiobus.a; path = Private/libAudiobus.a; sourceTree = "<group>"; };
		967929C41E7057EB00346565 /* XvAudioBus.framework */ = {isa = PBXFileReference; explicitFileType = wrapper.framework; includeInIndex = 0; path = XvAudioBus.framework; sourceTree = BUILT_PRODUCTS_DIR; };
		967929C71E7057EB00346565 /* XvAudioBus.h */ = {isa = PBXFileReference; lastKnownFileType = sourcecode.c.h; path = XvAudioBus.h; sourceTree = "<group>"; };
		967929C81E7057EB00346565 /* Info.plist */ = {isa = PBXFileReference; lastKnownFileType = text.plist.xml; path = Info.plist; sourceTree = "<group>"; };
		967929EE1E705A6000346565 /* XvAudioBus.swift */ = {isa = PBXFileReference; fileEncoding = 4; lastKnownFileType = sourcecode.swift; name = XvAudioBus.swift; path = XvAudioBus/Public/XvAudioBus.swift; sourceTree = "<group>"; };
		967929F21E705B6600346565 /* Utils.swift */ = {isa = PBXFileReference; fileEncoding = 4; lastKnownFileType = sourcecode.swift; name = Utils.swift; path = Private/Utils.swift; sourceTree = "<group>"; };
		96792A081E70715300346565 /* XvAudioBusConstants.swift */ = {isa = PBXFileReference; fileEncoding = 4; lastKnownFileType = sourcecode.swift; name = XvAudioBusConstants.swift; path = XvAudioBus/Public/XvAudioBusConstants.swift; sourceTree = "<group>"; };
/* End PBXFileReference section */

/* Begin PBXFrameworksBuildPhase section */
		967929C01E7057EB00346565 /* Frameworks */ = {
			isa = PBXFrameworksBuildPhase;
			buildActionMask = 2147483647;
			files = (
				96074B191F6C45B4006EDC71 /* libz.tbd in Frameworks */,
				962983BE1F6C428E00BE4B2C /* libAudiobus.a in Frameworks */,
			);
			runOnlyForDeploymentPostprocessing = 0;
		};
/* End PBXFrameworksBuildPhase section */

/* Begin PBXGroup section */
		96074B171F6C45B4006EDC71 /* Frameworks */ = {
			isa = PBXGroup;
			children = (
				96074B181F6C45B4006EDC71 /* libz.tbd */,
			);
			name = Frameworks;
			sourceTree = "<group>";
		};
		967929BA1E7057EB00346565 = {
			isa = PBXGroup;
			children = (
				967929EE1E705A6000346565 /* XvAudioBus.swift */,
				96792A081E70715300346565 /* XvAudioBusConstants.swift */,
				967929D31E70596F00346565 /* Private */,
				96074B171F6C45B4006EDC71 /* Frameworks */,
			);
			sourceTree = "<group>";
		};
		967929C51E7057EB00346565 /* Products */ = {
			isa = PBXGroup;
			children = (
				967929C41E7057EB00346565 /* XvAudioBus.framework */,
			);
			name = Products;
			path = ..;
			sourceTree = "<group>";
		};
		967929D31E70596F00346565 /* Private */ = {
			isa = PBXGroup;
			children = (
				967929F21E705B6600346565 /* Utils.swift */,
				967929F11E705A6D00346565 /* Basics */,
				967929F41E705B7E00346565 /* Obj-C */,
				967929C51E7057EB00346565 /* Products */,
			);
			name = Private;
			path = XvAudioBus;
			sourceTree = "<group>";
		};
		967929F11E705A6D00346565 /* Basics */ = {
			isa = PBXGroup;
			children = (
				967929C71E7057EB00346565 /* XvAudioBus.h */,
				967929C81E7057EB00346565 /* Info.plist */,
			);
			name = Basics;
			sourceTree = "<group>";
		};
		967929F41E705B7E00346565 /* Obj-C */ = {
			isa = PBXGroup;
			children = (
				962983951F6C428E00BE4B2C /* ABAudiobusController.h */,
				962983961F6C428E00BE4B2C /* ABAudioFilterPort.h */,
				962983971F6C428E00BE4B2C /* ABAudioReceiverPort.h */,
				962983981F6C428E00BE4B2C /* ABAudioSenderPort.h */,
				962983991F6C428E00BE4B2C /* ABAudioUnitFader.h */,
				9629839A1F6C428E00BE4B2C /* ABButtonTrigger.h */,
				9629839B1F6C428E00BE4B2C /* ABCommon.h */,
				9629839C1F6C428E00BE4B2C /* ABFilterPort.h */,
				9629839D1F6C428E00BE4B2C /* ABLocalPort.h */,
				9629839E1F6C428E00BE4B2C /* ABMIDIFilterPort.h */,
				9629839F1F6C428E00BE4B2C /* ABMIDIPort.h */,
				962983A01F6C428E00BE4B2C /* ABMIDIReceiverPort.h */,
				962983A11F6C428E00BE4B2C /* ABMIDISenderPort.h */,
				962983A21F6C428E00BE4B2C /* ABMultiStreamBuffer.h */,
				962983A31F6C428E00BE4B2C /* ABPeer.h */,
				962983A41F6C428E00BE4B2C /* ABPort.h */,
				962983A51F6C428E00BE4B2C /* ABReceiverPort.h */,
				962983A61F6C428E00BE4B2C /* ABSenderPort.h */,
				962983A71F6C428E00BE4B2C /* ABTrigger.h */,
				962983A81F6C428E00BE4B2C /* Audiobus.h */,
				962983A91F6C428E00BE4B2C /* libAudiobus.a */,
			);
			name = "Obj-C";
			sourceTree = "<group>";
		};
/* End PBXGroup section */

/* Begin PBXHeadersBuildPhase section */
		967929C11E7057EB00346565 /* Headers */ = {
			isa = PBXHeadersBuildPhase;
			buildActionMask = 2147483647;
			files = (
				967929C91E7057EB00346565 /* XvAudioBus.h in Headers */,
				962983AD1F6C428E00BE4B2C /* ABAudioSenderPort.h in Headers */,
				962983B21F6C428E00BE4B2C /* ABLocalPort.h in Headers */,
				962983AF1F6C428E00BE4B2C /* ABButtonTrigger.h in Headers */,
				962983BC1F6C428E00BE4B2C /* ABTrigger.h in Headers */,
				962983B71F6C428E00BE4B2C /* ABMultiStreamBuffer.h in Headers */,
				962983B11F6C428E00BE4B2C /* ABFilterPort.h in Headers */,
				962983AB1F6C428E00BE4B2C /* ABAudioFilterPort.h in Headers */,
				962983BA1F6C428E00BE4B2C /* ABReceiverPort.h in Headers */,
				962983BB1F6C428E00BE4B2C /* ABSenderPort.h in Headers */,
				962983B91F6C428E00BE4B2C /* ABPort.h in Headers */,
				962983BD1F6C428E00BE4B2C /* Audiobus.h in Headers */,
				962983B01F6C428E00BE4B2C /* ABCommon.h in Headers */,
				962983B31F6C428E00BE4B2C /* ABMIDIFilterPort.h in Headers */,
				962983AC1F6C428E00BE4B2C /* ABAudioReceiverPort.h in Headers */,
				962983B41F6C428E00BE4B2C /* ABMIDIPort.h in Headers */,
				962983B61F6C428E00BE4B2C /* ABMIDISenderPort.h in Headers */,
				962983AA1F6C428E00BE4B2C /* ABAudiobusController.h in Headers */,
				962983B81F6C428E00BE4B2C /* ABPeer.h in Headers */,
				962983AE1F6C428E00BE4B2C /* ABAudioUnitFader.h in Headers */,
				962983B51F6C428E00BE4B2C /* ABMIDIReceiverPort.h in Headers */,
			);
			runOnlyForDeploymentPostprocessing = 0;
		};
/* End PBXHeadersBuildPhase section */

/* Begin PBXNativeTarget section */
		967929C31E7057EB00346565 /* XvAudioBus */ = {
			isa = PBXNativeTarget;
			buildConfigurationList = 967929CC1E7057EB00346565 /* Build configuration list for PBXNativeTarget "XvAudioBus" */;
			buildPhases = (
				967929BF1E7057EB00346565 /* Sources */,
				967929C01E7057EB00346565 /* Frameworks */,
				967929C11E7057EB00346565 /* Headers */,
				967929C21E7057EB00346565 /* Resources */,
			);
			buildRules = (
			);
			dependencies = (
			);
			name = XvAudioBus;
			productName = XvAudioBus;
			productReference = 967929C41E7057EB00346565 /* XvAudioBus.framework */;
			productType = "com.apple.product-type.framework";
		};
/* End PBXNativeTarget section */

/* Begin PBXProject section */
		967929BB1E7057EB00346565 /* Project object */ = {
			isa = PBXProject;
			attributes = {
				LastUpgradeCheck = 0930;
				ORGANIZATIONNAME = "Jason J. Snell";
				TargetAttributes = {
					967929C31E7057EB00346565 = {
						CreatedOnToolsVersion = 8.2.1;
						DevelopmentTeam = LN2HJCURK9;
						LastSwiftMigration = 0900;
						ProvisioningStyle = Automatic;
					};
				};
			};
			buildConfigurationList = 967929BE1E7057EB00346565 /* Build configuration list for PBXProject "XvAudioBus" */;
			compatibilityVersion = "Xcode 3.2";
			developmentRegion = English;
			hasScannedForEncodings = 0;
			knownRegions = (
				en,
			);
			mainGroup = 967929BA1E7057EB00346565;
			productRefGroup = 967929C51E7057EB00346565 /* Products */;
			projectDirPath = "";
			projectRoot = "";
			targets = (
				967929C31E7057EB00346565 /* XvAudioBus */,
			);
		};
/* End PBXProject section */

/* Begin PBXResourcesBuildPhase section */
		967929C21E7057EB00346565 /* Resources */ = {
			isa = PBXResourcesBuildPhase;
			buildActionMask = 2147483647;
			files = (
			);
			runOnlyForDeploymentPostprocessing = 0;
		};
/* End PBXResourcesBuildPhase section */

/* Begin PBXSourcesBuildPhase section */
		967929BF1E7057EB00346565 /* Sources */ = {
			isa = PBXSourcesBuildPhase;
			buildActionMask = 2147483647;
			files = (
				96792A091E70715300346565 /* XvAudioBusConstants.swift in Sources */,
				967929EF1E705A6000346565 /* XvAudioBus.swift in Sources */,
				967929F31E705B6600346565 /* Utils.swift in Sources */,
			);
			runOnlyForDeploymentPostprocessing = 0;
		};
/* End PBXSourcesBuildPhase section */

/* Begin XCBuildConfiguration section */
		967929CA1E7057EB00346565 /* Debug */ = {
			isa = XCBuildConfiguration;
			buildSettings = {
				ALWAYS_SEARCH_USER_PATHS = NO;
				CLANG_ANALYZER_NONNULL = YES;
				CLANG_CXX_LANGUAGE_STANDARD = "gnu++0x";
				CLANG_CXX_LIBRARY = "libc++";
				CLANG_ENABLE_MODULES = YES;
				CLANG_ENABLE_OBJC_ARC = YES;
				CLANG_WARN_BLOCK_CAPTURE_AUTORELEASING = YES;
				CLANG_WARN_BOOL_CONVERSION = YES;
				CLANG_WARN_COMMA = YES;
				CLANG_WARN_CONSTANT_CONVERSION = YES;
				CLANG_WARN_DEPRECATED_OBJC_IMPLEMENTATIONS = YES;
				CLANG_WARN_DIRECT_OBJC_ISA_USAGE = YES_ERROR;
				CLANG_WARN_DOCUMENTATION_COMMENTS = YES;
				CLANG_WARN_EMPTY_BODY = YES;
				CLANG_WARN_ENUM_CONVERSION = YES;
				CLANG_WARN_INFINITE_RECURSION = YES;
				CLANG_WARN_INT_CONVERSION = YES;
				CLANG_WARN_NON_LITERAL_NULL_CONVERSION = YES;
				CLANG_WARN_OBJC_IMPLICIT_RETAIN_SELF = YES;
				CLANG_WARN_OBJC_LITERAL_CONVERSION = YES;
				CLANG_WARN_OBJC_ROOT_CLASS = YES_ERROR;
				CLANG_WARN_RANGE_LOOP_ANALYSIS = YES;
				CLANG_WARN_STRICT_PROTOTYPES = YES;
				CLANG_WARN_SUSPICIOUS_MOVE = YES;
				CLANG_WARN_UNREACHABLE_CODE = YES;
				CLANG_WARN__DUPLICATE_METHOD_MATCH = YES;
				"CODE_SIGN_IDENTITY[sdk=iphoneos*]" = "iPhone Developer";
				COPY_PHASE_STRIP = NO;
				CURRENT_PROJECT_VERSION = 1;
				DEBUG_INFORMATION_FORMAT = dwarf;
				ENABLE_STRICT_OBJC_MSGSEND = YES;
				ENABLE_TESTABILITY = YES;
				GCC_C_LANGUAGE_STANDARD = gnu99;
				GCC_DYNAMIC_NO_PIC = NO;
				GCC_NO_COMMON_BLOCKS = YES;
				GCC_OPTIMIZATION_LEVEL = 0;
				GCC_PREPROCESSOR_DEFINITIONS = (
					"DEBUG=1",
					"$(inherited)",
				);
				GCC_WARN_64_TO_32_BIT_CONVERSION = YES;
				GCC_WARN_ABOUT_RETURN_TYPE = YES_ERROR;
				GCC_WARN_UNDECLARED_SELECTOR = YES;
				GCC_WARN_UNINITIALIZED_AUTOS = YES_AGGRESSIVE;
				GCC_WARN_UNUSED_FUNCTION = YES;
				GCC_WARN_UNUSED_VARIABLE = YES;
				IPHONEOS_DEPLOYMENT_TARGET = 10.0;
				MTL_ENABLE_DEBUG_INFO = YES;
				ONLY_ACTIVE_ARCH = YES;
				SDKROOT = iphoneos;
				SWIFT_ACTIVE_COMPILATION_CONDITIONS = DEBUG;
				SWIFT_OPTIMIZATION_LEVEL = "-Onone";
				TARGETED_DEVICE_FAMILY = "1,2";
				VERSIONING_SYSTEM = "apple-generic";
				VERSION_INFO_PREFIX = "";
			};
			name = Debug;
		};
		967929CB1E7057EB00346565 /* Release */ = {
			isa = XCBuildConfiguration;
			buildSettings = {
				ALWAYS_SEARCH_USER_PATHS = NO;
				CLANG_ANALYZER_NONNULL = YES;
				CLANG_CXX_LANGUAGE_STANDARD = "gnu++0x";
				CLANG_CXX_LIBRARY = "libc++";
				CLANG_ENABLE_MODULES = YES;
				CLANG_ENABLE_OBJC_ARC = YES;
				CLANG_WARN_BLOCK_CAPTURE_AUTORELEASING = YES;
				CLANG_WARN_BOOL_CONVERSION = YES;
				CLANG_WARN_COMMA = YES;
				CLANG_WARN_CONSTANT_CONVERSION = YES;
				CLANG_WARN_DEPRECATED_OBJC_IMPLEMENTATIONS = YES;
				CLANG_WARN_DIRECT_OBJC_ISA_USAGE = YES_ERROR;
				CLANG_WARN_DOCUMENTATION_COMMENTS = YES;
				CLANG_WARN_EMPTY_BODY = YES;
				CLANG_WARN_ENUM_CONVERSION = YES;
				CLANG_WARN_INFINITE_RECURSION = YES;
				CLANG_WARN_INT_CONVERSION = YES;
				CLANG_WARN_NON_LITERAL_NULL_CONVERSION = YES;
				CLANG_WARN_OBJC_IMPLICIT_RETAIN_SELF = YES;
				CLANG_WARN_OBJC_LITERAL_CONVERSION = YES;
				CLANG_WARN_OBJC_ROOT_CLASS = YES_ERROR;
				CLANG_WARN_RANGE_LOOP_ANALYSIS = YES;
				CLANG_WARN_STRICT_PROTOTYPES = YES;
				CLANG_WARN_SUSPICIOUS_MOVE = YES;
				CLANG_WARN_UNREACHABLE_CODE = YES;
				CLANG_WARN__DUPLICATE_METHOD_MATCH = YES;
				"CODE_SIGN_IDENTITY[sdk=iphoneos*]" = "iPhone Developer";
				COPY_PHASE_STRIP = NO;
				CURRENT_PROJECT_VERSION = 1;
				DEBUG_INFORMATION_FORMAT = "dwarf-with-dsym";
				ENABLE_NS_ASSERTIONS = NO;
				ENABLE_STRICT_OBJC_MSGSEND = YES;
				GCC_C_LANGUAGE_STANDARD = gnu99;
				GCC_NO_COMMON_BLOCKS = YES;
				GCC_WARN_64_TO_32_BIT_CONVERSION = YES;
				GCC_WARN_ABOUT_RETURN_TYPE = YES_ERROR;
				GCC_WARN_UNDECLARED_SELECTOR = YES;
				GCC_WARN_UNINITIALIZED_AUTOS = YES_AGGRESSIVE;
				GCC_WARN_UNUSED_FUNCTION = YES;
				GCC_WARN_UNUSED_VARIABLE = YES;
				IPHONEOS_DEPLOYMENT_TARGET = 10.0;
				MTL_ENABLE_DEBUG_INFO = NO;
				SDKROOT = iphoneos;
				SWIFT_OPTIMIZATION_LEVEL = "-Owholemodule";
				TARGETED_DEVICE_FAMILY = "1,2";
				VALIDATE_PRODUCT = YES;
				VERSIONING_SYSTEM = "apple-generic";
				VERSION_INFO_PREFIX = "";
			};
			name = Release;
		};
		967929CD1E7057EB00346565 /* Debug */ = {
			isa = XCBuildConfiguration;
			buildSettings = {
				CLANG_ALLOW_NON_MODULAR_INCLUDES_IN_FRAMEWORK_MODULES = NO;
				CLANG_ENABLE_MODULES = YES;
				CODE_SIGN_IDENTITY = "";
				DEFINES_MODULE = YES;
				DEVELOPMENT_TEAM = LN2HJCURK9;
				DYLIB_COMPATIBILITY_VERSION = 1;
				DYLIB_CURRENT_VERSION = 1;
				DYLIB_INSTALL_NAME_BASE = "@rpath";
				INFOPLIST_FILE = XvAudioBus/Info.plist;
				INSTALL_PATH = "$(LOCAL_LIBRARY_DIR)/Frameworks";
				IPHONEOS_DEPLOYMENT_TARGET = 10.0;
				LD_RUNPATH_SEARCH_PATHS = "$(inherited) @executable_path/Frameworks @loader_path/Frameworks";
				LIBRARY_SEARCH_PATHS = (
					"$(inherited)",
					"$(PROJECT_DIR)/XvAudioBus/Private",
				);
				PRODUCT_BUNDLE_IDENTIFIER = com.jasonjsnell.XvAudioBus;
				PRODUCT_NAME = "$(TARGET_NAME)";
				SKIP_INSTALL = YES;
				SWIFT_OPTIMIZATION_LEVEL = "-Onone";
				SWIFT_SWIFT3_OBJC_INFERENCE = Off;
				SWIFT_VERSION = 4.0;
				VALID_ARCHS = arm64;
			};
			name = Debug;
		};
		967929CE1E7057EB00346565 /* Release */ = {
			isa = XCBuildConfiguration;
			buildSettings = {
				CLANG_ALLOW_NON_MODULAR_INCLUDES_IN_FRAMEWORK_MODULES = NO;
				CLANG_ENABLE_MODULES = YES;
				CODE_SIGN_IDENTITY = "";
				DEFINES_MODULE = YES;
				DEVELOPMENT_TEAM = LN2HJCURK9;
				DYLIB_COMPATIBILITY_VERSION = 1;
				DYLIB_CURRENT_VERSION = 1;
				DYLIB_INSTALL_NAME_BASE = "@rpath";
				INFOPLIST_FILE = XvAudioBus/Info.plist;
				INSTALL_PATH = "$(LOCAL_LIBRARY_DIR)/Frameworks";
				IPHONEOS_DEPLOYMENT_TARGET = 10.0;
				LD_RUNPATH_SEARCH_PATHS = "$(inherited) @executable_path/Frameworks @loader_path/Frameworks";
				LIBRARY_SEARCH_PATHS = (
					"$(inherited)",
					"$(PROJECT_DIR)/XvAudioBus/Private",
				);
				PRODUCT_BUNDLE_IDENTIFIER = com.jasonjsnell.XvAudioBus;
				PRODUCT_NAME = "$(TARGET_NAME)";
				SKIP_INSTALL = YES;
				SWIFT_SWIFT3_OBJC_INFERENCE = Off;
				SWIFT_VERSION = 4.0;
				VALID_ARCHS = arm64;
			};
			name = Release;
		};
/* End XCBuildConfiguration section */

/* Begin XCConfigurationList section */
		967929BE1E7057EB00346565 /* Build configuration list for PBXProject "XvAudioBus" */ = {
			isa = XCConfigurationList;
			buildConfigurations = (
				967929CA1E7057EB00346565 /* Debug */,
				967929CB1E7057EB00346565 /* Release */,
			);
			defaultConfigurationIsVisible = 0;
			defaultConfigurationName = Release;
		};
		967929CC1E7057EB00346565 /* Build configuration list for PBXNativeTarget "XvAudioBus" */ = {
			isa = XCConfigurationList;
			buildConfigurations = (
				967929CD1E7057EB00346565 /* Debug */,
				967929CE1E7057EB00346565 /* Release */,
			);
			defaultConfigurationIsVisible = 0;
			defaultConfigurationName = Release;
		};
/* End XCConfigurationList section */
	};
	rootObject = 967929BB1E7057EB00346565 /* Project object */;
}
